
Microsoft Visual Studio Solution File, Format Version 12.00
# Visual Studio Version 17
VisualStudioVersion = 17.8.34330.188
MinimumVisualStudioVersion = 10.0.40219.1
Project("{8BC9CEB8-8B4A-11D0-8D11-00A0C91BC942}") = "FindFeature", "FindFeature.vcxproj", "{DA5C3051-100A-490A-9253-308D6CDD781D}"
EndProject
Global
	GlobalSection(SolutionConfigurationPlatforms) = preSolution
		Debug|x64 = Debug|x64
		Debug|x86 = Debug|x86
		Release|x64 = Release|x64
		Release|x86 = Release|x86
	EndGlobalSection
	GlobalSection(ProjectConfigurationPlatforms) = postSolution
		{DA5C3051-100A-490A-9253-308D6CDD781D}.Debug|x64.ActiveCfg = Debug|x64
		{DA5C3051-100A-490A-9253-308D6CDD781D}.Debug|x64.Build.0 = Debug|x64
		{DA5C3051-100A-490A-9253-308D6CDD781D}.Debug|x86.ActiveCfg = Debug|Win32
		{DA5C3051-100A-490A-9253-308D6CDD781D}.Debug|x86.Build.0 = Debug|Win32
		{DA5C3051-100A-490A-9253-308D6CDD781D}.Release|x64.ActiveCfg = Release|x64
		{DA5C3051-100A-490A-9253-308D6CDD781D}.Release|x64.Build.0 = Release|x64
		{DA5C3051-100A-490A-9253-308D6CDD781D}.Release|x86.ActiveCfg = Release|Win32
		{DA5C3051-100A-490A-9253-308D6CDD781D}.Release|x86.Build.0 = Release|Win32
	EndGlobalSection
	GlobalSection(SolutionProperties) = preSolution
		HideSolutionNode = FALSE
	EndGlobalSection
	GlobalSection(ExtensibilityGlobals) = postSolution
		SolutionGuid = {D8CDAC2E-3825-4725-9BCE-FD04E547CF6C}
	EndGlobalSection
EndGlobal
